// !$*UTF8*$!
{
	archiveVersion = 1;
	classes = {
	};
	objectVersion = 50;
	objects = {

/* Begin PBXBuildFile section */
		3510C524230F087F00C1064B /* AppDelegate.swift in Sources */ = {isa = PBXBuildFile; fileRef = 3510C523230F087F00C1064B /* AppDelegate.swift */; };
		3510C526230F087F00C1064B /* GoalsVC.swift in Sources */ = {isa = PBXBuildFile; fileRef = 3510C525230F087F00C1064B /* GoalsVC.swift */; };
		3510C529230F087F00C1064B /* Main.storyboard in Resources */ = {isa = PBXBuildFile; fileRef = 3510C527230F087F00C1064B /* Main.storyboard */; };
		3510C52C230F087F00C1064B /* set_goals_n_get__em_app.xcdatamodeld in Sources */ = {isa = PBXBuildFile; fileRef = 3510C52A230F087F00C1064B /* set_goals_n_get__em_app.xcdatamodeld */; };
		3510C52E230F088000C1064B /* Assets.xcassets in Resources */ = {isa = PBXBuildFile; fileRef = 3510C52D230F088000C1064B /* Assets.xcassets */; };
		3510C531230F088000C1064B /* LaunchScreen.storyboard in Resources */ = {isa = PBXBuildFile; fileRef = 3510C52F230F088000C1064B /* LaunchScreen.storyboard */; };
		35EEB500231367300024B8FB /* GoalCell.swift in Sources */ = {isa = PBXBuildFile; fileRef = 35EEB4FF231367300024B8FB /* GoalCell.swift */; };
		35EEB5022313794C0024B8FB /* GoalType.swift in Sources */ = {isa = PBXBuildFile; fileRef = 35EEB5012313794C0024B8FB /* GoalType.swift */; };
/* End PBXBuildFile section */

/* Begin PBXFileReference section */
		3510C520230F087F00C1064B /* set-goals-n-get-'em-app.app */ = {isa = PBXFileReference; explicitFileType = wrapper.application; includeInIndex = 0; path = "set-goals-n-get-'em-app.app"; sourceTree = BUILT_PRODUCTS_DIR; };
		3510C523230F087F00C1064B /* AppDelegate.swift */ = {isa = PBXFileReference; lastKnownFileType = sourcecode.swift; path = AppDelegate.swift; sourceTree = "<group>"; };
		3510C525230F087F00C1064B /* GoalsVC.swift */ = {isa = PBXFileReference; lastKnownFileType = sourcecode.swift; path = GoalsVC.swift; sourceTree = "<group>"; };
		3510C528230F087F00C1064B /* Base */ = {isa = PBXFileReference; lastKnownFileType = file.storyboard; name = Base; path = Base.lproj/Main.storyboard; sourceTree = "<group>"; };
		3510C52B230F087F00C1064B /* set_goals_n_get__em_app.xcdatamodel */ = {isa = PBXFileReference; lastKnownFileType = wrapper.xcdatamodel; path = set_goals_n_get__em_app.xcdatamodel; sourceTree = "<group>"; };
		3510C52D230F088000C1064B /* Assets.xcassets */ = {isa = PBXFileReference; lastKnownFileType = folder.assetcatalog; path = Assets.xcassets; sourceTree = "<group>"; };
		3510C530230F088000C1064B /* Base */ = {isa = PBXFileReference; lastKnownFileType = file.storyboard; name = Base; path = Base.lproj/LaunchScreen.storyboard; sourceTree = "<group>"; };
		3510C532230F088000C1064B /* Info.plist */ = {isa = PBXFileReference; lastKnownFileType = text.plist.xml; path = Info.plist; sourceTree = "<group>"; };
		35EEB4FF231367300024B8FB /* GoalCell.swift */ = {isa = PBXFileReference; lastKnownFileType = sourcecode.swift; path = GoalCell.swift; sourceTree = "<group>"; };
		35EEB5012313794C0024B8FB /* GoalType.swift */ = {isa = PBXFileReference; lastKnownFileType = sourcecode.swift; path = GoalType.swift; sourceTree = "<group>"; };
		35FE538E2310C9EE001296D7 /* set-goals-n-get-'em-app-Bridging-Header.h */ = {isa = PBXFileReference; lastKnownFileType = sourcecode.c.h; path = "set-goals-n-get-'em-app-Bridging-Header.h"; sourceTree = "<group>"; };
/* End PBXFileReference section */

/* Begin PBXFrameworksBuildPhase section */
		3510C51D230F087F00C1064B /* Frameworks */ = {
			isa = PBXFrameworksBuildPhase;
			buildActionMask = 2147483647;
			files = (
			);
			runOnlyForDeploymentPostprocessing = 0;
		};
/* End PBXFrameworksBuildPhase section */

/* Begin PBXGroup section */
		3510C517230F087F00C1064B = {
			isa = PBXGroup;
			children = (
				3510C522230F087F00C1064B /* set-goals-n-get-'em-app */,
				3510C521230F087F00C1064B /* Products */,
			);
			sourceTree = "<group>";
		};
		3510C521230F087F00C1064B /* Products */ = {
			isa = PBXGroup;
			children = (
				3510C520230F087F00C1064B /* set-goals-n-get-'em-app.app */,
			);
			name = Products;
			sourceTree = "<group>";
		};
		3510C522230F087F00C1064B /* set-goals-n-get-'em-app */ = {
			isa = PBXGroup;
			children = (
				3510C53B230F090600C1064B /* Extensions */,
				3510C53A230F090000C1064B /* Enums */,
				3510C539230F08E300C1064B /* View */,
				3510C538230F08D300C1064B /* Controller */,
				3510C523230F087F00C1064B /* AppDelegate.swift */,
				3510C527230F087F00C1064B /* Main.storyboard */,
				3510C52D230F088000C1064B /* Assets.xcassets */,
				3510C52F230F088000C1064B /* LaunchScreen.storyboard */,
				3510C532230F088000C1064B /* Info.plist */,
				3510C52A230F087F00C1064B /* set_goals_n_get__em_app.xcdatamodeld */,
				35FE538E2310C9EE001296D7 /* set-goals-n-get-'em-app-Bridging-Header.h */,
			);
			path = "set-goals-n-get-'em-app";
			sourceTree = "<group>";
		};
		3510C538230F08D300C1064B /* Controller */ = {
			isa = PBXGroup;
			children = (
				3510C525230F087F00C1064B /* GoalsVC.swift */,
			);
			path = Controller;
			sourceTree = "<group>";
		};
		3510C539230F08E300C1064B /* View */ = {
			isa = PBXGroup;
			children = (
				35EEB4FF231367300024B8FB /* GoalCell.swift */,
			);
			path = View;
			sourceTree = "<group>";
		};
		3510C53A230F090000C1064B /* Enums */ = {
			isa = PBXGroup;
			children = (
				35EEB5012313794C0024B8FB /* GoalType.swift */,
			);
			path = Enums;
			sourceTree = "<group>";
		};
		3510C53B230F090600C1064B /* Extensions */ = {
			isa = PBXGroup;
			children = (
			);
			path = Extensions;
			sourceTree = "<group>";
		};
/* End PBXGroup section */

/* Begin PBXNativeTarget section */
		3510C51F230F087F00C1064B /* set-goals-n-get-'em-app */ = {
			isa = PBXNativeTarget;
			buildConfigurationList = 3510C535230F088000C1064B /* Build configuration list for PBXNativeTarget "set-goals-n-get-'em-app" */;
			buildPhases = (
				3510C51C230F087F00C1064B /* Sources */,
				3510C51D230F087F00C1064B /* Frameworks */,
				3510C51E230F087F00C1064B /* Resources */,
			);
			buildRules = (
			);
			dependencies = (
			);
			name = "set-goals-n-get-'em-app";
			productName = "set-goals-n-get-'em-app";
			productReference = 3510C520230F087F00C1064B /* set-goals-n-get-'em-app.app */;
			productType = "com.apple.product-type.application";
		};
/* End PBXNativeTarget section */

/* Begin PBXProject section */
		3510C518230F087F00C1064B /* Project object */ = {
			isa = PBXProject;
			attributes = {
				LastSwiftUpdateCheck = 1020;
				LastUpgradeCheck = 1020;
				ORGANIZATIONNAME = "Shreya Randive";
				TargetAttributes = {
					3510C51F230F087F00C1064B = {
						CreatedOnToolsVersion = 10.2.1;
						LastSwiftMigration = 1020;
					};
				};
			};
			buildConfigurationList = 3510C51B230F087F00C1064B /* Build configuration list for PBXProject "set-goals-n-get-'em-app" */;
			compatibilityVersion = "Xcode 9.3";
			developmentRegion = en;
			hasScannedForEncodings = 0;
			knownRegions = (
				en,
				Base,
			);
			mainGroup = 3510C517230F087F00C1064B;
			productRefGroup = 3510C521230F087F00C1064B /* Products */;
			projectDirPath = "";
			projectRoot = "";
			targets = (
				3510C51F230F087F00C1064B /* set-goals-n-get-'em-app */,
			);
		};
/* End PBXProject section */

/* Begin PBXResourcesBuildPhase section */
		3510C51E230F087F00C1064B /* Resources */ = {
			isa = PBXResourcesBuildPhase;
			buildActionMask = 2147483647;
			files = (
				3510C531230F088000C1064B /* LaunchScreen.storyboard in Resources */,
				3510C52E230F088000C1064B /* Assets.xcassets in Resources */,
				3510C529230F087F00C1064B /* Main.storyboard in Resources */,
			);
			runOnlyForDeploymentPostprocessing = 0;
		};
/* End PBXResourcesBuildPhase section */

/* Begin PBXSourcesBuildPhase section */
		3510C51C230F087F00C1064B /* Sources */ = {
			isa = PBXSourcesBuildPhase;
			buildActionMask = 2147483647;
			files = (
				35EEB500231367300024B8FB /* GoalCell.swift in Sources */,
				35EEB5022313794C0024B8FB /* GoalType.swift in Sources */,
				3510C52C230F087F00C1064B /* set_goals_n_get__em_app.xcdatamodeld in Sources */,
				3510C526230F087F00C1064B /* GoalsVC.swift in Sources */,
				3510C524230F087F00C1064B /* AppDelegate.swift in Sources */,
			);
			runOnlyForDeploymentPostprocessing = 0;
		};
/* End PBXSourcesBuildPhase section */

/* Begin PBXVariantGroup section */
		3510C527230F087F00C1064B /* Main.storyboard */ = {
			isa = PBXVariantGroup;
			children = (
				3510C528230F087F00C1064B /* Base */,
			);
			name = Main.storyboard;
			sourceTree = "<group>";
		};
		3510C52F230F088000C1064B /* LaunchScreen.storyboard */ = {
			isa = PBXVariantGroup;
			children = (
				3510C530230F088000C1064B /* Base */,
			);
			name = LaunchScreen.storyboard;
			sourceTree = "<group>";
		};
/* End PBXVariantGroup section */

/* Begin XCBuildConfiguration section */
		3510C533230F088000C1064B /* Debug */ = {
			isa = XCBuildConfiguration;
			buildSettings = {
				ALWAYS_SEARCH_USER_PATHS = NO;
				CLANG_ANALYZER_NONNULL = YES;
				CLANG_ANALYZER_NUMBER_OBJECT_CONVERSION = YES_AGGRESSIVE;
				CLANG_CXX_LANGUAGE_STANDARD = "gnu++14";
				CLANG_CXX_LIBRARY = "libc++";
				CLANG_ENABLE_MODULES = YES;
				CLANG_ENABLE_OBJC_ARC = YES;
				CLANG_ENABLE_OBJC_WEAK = YES;
				CLANG_WARN_BLOCK_CAPTURE_AUTORELEASING = YES;
				CLANG_WARN_BOOL_CONVERSION = YES;
				CLANG_WARN_COMMA = YES;
				CLANG_WARN_CONSTANT_CONVERSION = YES;
				CLANG_WARN_DEPRECATED_OBJC_IMPLEMENTATIONS = YES;
				CLANG_WARN_DIRECT_OBJC_ISA_USAGE = YES_ERROR;
				CLANG_WARN_DOCUMENTATION_COMMENTS = YES;
				CLANG_WARN_EMPTY_BODY = YES;
				CLANG_WARN_ENUM_CONVERSION = YES;
				CLANG_WARN_INFINITE_RECURSION = YES;
				CLANG_WARN_INT_CONVERSION = YES;
				CLANG_WARN_NON_LITERAL_NULL_CONVERSION = YES;
				CLANG_WARN_OBJC_IMPLICIT_RETAIN_SELF = YES;
				CLANG_WARN_OBJC_LITERAL_CONVERSION = YES;
				CLANG_WARN_OBJC_ROOT_CLASS = YES_ERROR;
				CLANG_WARN_RANGE_LOOP_ANALYSIS = YES;
				CLANG_WARN_STRICT_PROTOTYPES = YES;
				CLANG_WARN_SUSPICIOUS_MOVE = YES;
				CLANG_WARN_UNGUARDED_AVAILABILITY = YES_AGGRESSIVE;
				CLANG_WARN_UNREACHABLE_CODE = YES;
				CLANG_WARN__DUPLICATE_METHOD_MATCH = YES;
				CODE_SIGN_IDENTITY = "iPhone Developer";
				COPY_PHASE_STRIP = NO;
				DEBUG_INFORMATION_FORMAT = dwarf;
				ENABLE_STRICT_OBJC_MSGSEND = YES;
				ENABLE_TESTABILITY = YES;
				GCC_C_LANGUAGE_STANDARD = gnu11;
				GCC_DYNAMIC_NO_PIC = NO;
				GCC_NO_COMMON_BLOCKS = YES;
				GCC_OPTIMIZATION_LEVEL = 0;
				GCC_PREPROCESSOR_DEFINITIONS = (
					"DEBUG=1",
					"$(inherited)",
				);
				GCC_WARN_64_TO_32_BIT_CONVERSION = YES;
				GCC_WARN_ABOUT_RETURN_TYPE = YES_ERROR;
				GCC_WARN_UNDECLARED_SELECTOR = YES;
				GCC_WARN_UNINITIALIZED_AUTOS = YES_AGGRESSIVE;
				GCC_WARN_UNUSED_FUNCTION = YES;
				GCC_WARN_UNUSED_VARIABLE = YES;
				IPHONEOS_DEPLOYMENT_TARGET = 12.2;
				MTL_ENABLE_DEBUG_INFO = INCLUDE_SOURCE;
				MTL_FAST_MATH = YES;
				ONLY_ACTIVE_ARCH = YES;
				SDKROOT = iphoneos;
				SWIFT_ACTIVE_COMPILATION_CONDITIONS = DEBUG;
				SWIFT_OPTIMIZATION_LEVEL = "-Onone";
			};
			name = Debug;
		};
		3510C534230F088000C1064B /* Release */ = {
			isa = XCBuildConfiguration;
			buildSettings = {
				ALWAYS_SEARCH_USER_PATHS = NO;
				CLANG_ANALYZER_NONNULL = YES;
				CLANG_ANALYZER_NUMBER_OBJECT_CONVERSION = YES_AGGRESSIVE;
				CLANG_CXX_LANGUAGE_STANDARD = "gnu++14";
				CLANG_CXX_LIBRARY = "libc++";
				CLANG_ENABLE_MODULES = YES;
				CLANG_ENABLE_OBJC_ARC = YES;
				CLANG_ENABLE_OBJC_WEAK = YES;
				CLANG_WARN_BLOCK_CAPTURE_AUTORELEASING = YES;
				CLANG_WARN_BOOL_CONVERSION = YES;
				CLANG_WARN_COMMA = YES;
				CLANG_WARN_CONSTANT_CONVERSION = YES;
				CLANG_WARN_DEPRECATED_OBJC_IMPLEMENTATIONS = YES;
				CLANG_WARN_DIRECT_OBJC_ISA_USAGE = YES_ERROR;
				CLANG_WARN_DOCUMENTATION_COMMENTS = YES;
				CLANG_WARN_EMPTY_BODY = YES;
				CLANG_WARN_ENUM_CONVERSION = YES;
				CLANG_WARN_INFINITE_RECURSION = YES;
				CLANG_WARN_INT_CONVERSION = YES;
				CLANG_WARN_NON_LITERAL_NULL_CONVERSION = YES;
				CLANG_WARN_OBJC_IMPLICIT_RETAIN_SELF = YES;
				CLANG_WARN_OBJC_LITERAL_CONVERSION = YES;
				CLANG_WARN_OBJC_ROOT_CLASS = YES_ERROR;
				CLANG_WARN_RANGE_LOOP_ANALYSIS = YES;
				CLANG_WARN_STRICT_PROTOTYPES = YES;
				CLANG_WARN_SUSPICIOUS_MOVE = YES;
				CLANG_WARN_UNGUARDED_AVAILABILITY = YES_AGGRESSIVE;
				CLANG_WARN_UNREACHABLE_CODE = YES;
				CLANG_WARN__DUPLICATE_METHOD_MATCH = YES;
				CODE_SIGN_IDENTITY = "iPhone Developer";
				COPY_PHASE_STRIP = NO;
				DEBUG_INFORMATION_FORMAT = "dwarf-with-dsym";
				ENABLE_NS_ASSERTIONS = NO;
				ENABLE_STRICT_OBJC_MSGSEND = YES;
				GCC_C_LANGUAGE_STANDARD = gnu11;
				GCC_NO_COMMON_BLOCKS = YES;
				GCC_WARN_64_TO_32_BIT_CONVERSION = YES;
				GCC_WARN_ABOUT_RETURN_TYPE = YES_ERROR;
				GCC_WARN_UNDECLARED_SELECTOR = YES;
				GCC_WARN_UNINITIALIZED_AUTOS = YES_AGGRESSIVE;
				GCC_WARN_UNUSED_FUNCTION = YES;
				GCC_WARN_UNUSED_VARIABLE = YES;
				IPHONEOS_DEPLOYMENT_TARGET = 12.2;
				MTL_ENABLE_DEBUG_INFO = NO;
				MTL_FAST_MATH = YES;
				SDKROOT = iphoneos;
				SWIFT_COMPILATION_MODE = wholemodule;
				SWIFT_OPTIMIZATION_LEVEL = "-O";
				VALIDATE_PRODUCT = YES;
			};
			name = Release;
		};
		3510C536230F088000C1064B /* Debug */ = {
			isa = XCBuildConfiguration;
			buildSettings = {
				ASSETCATALOG_COMPILER_APPICON_NAME = AppIcon;
				CLANG_ENABLE_MODULES = YES;
				CODE_SIGN_STYLE = Automatic;
				DEVELOPMENT_TEAM = LPBH5JPMKU;
				INFOPLIST_FILE = "set-goals-n-get-'em-app/Info.plist";
				LD_RUNPATH_SEARCH_PATHS = (
					"$(inherited)",
					"@executable_path/Frameworks",
				);
				PRODUCT_BUNDLE_IDENTIFIER = "com.shreyarandive.set-goals-n-get--em-app";
				PRODUCT_NAME = "$(TARGET_NAME)";
				SWIFT_OBJC_BRIDGING_HEADER = "set-goals-n-get-'em-app/set-goals-n-get-'em-app-Bridging-Header.h";
				SWIFT_OPTIMIZATION_LEVEL = "-Onone";
				SWIFT_VERSION = 5.0;
				TARGETED_DEVICE_FAMILY = "1,2";
			};
			name = Debug;
		};
		3510C537230F088000C1064B /* Release */ = {
			isa = XCBuildConfiguration;
			buildSettings = {
				ASSETCATALOG_COMPILER_APPICON_NAME = AppIcon;
				CLANG_ENABLE_MODULES = YES;
				CODE_SIGN_STYLE = Automatic;
				DEVELOPMENT_TEAM = LPBH5JPMKU;
				INFOPLIST_FILE = "set-goals-n-get-'em-app/Info.plist";
				LD_RUNPATH_SEARCH_PATHS = (
					"$(inherited)",
					"@executable_path/Frameworks",
				);
				PRODUCT_BUNDLE_IDENTIFIER = "com.shreyarandive.set-goals-n-get--em-app";
				PRODUCT_NAME = "$(TARGET_NAME)";
				SWIFT_OBJC_BRIDGING_HEADER = "set-goals-n-get-'em-app/set-goals-n-get-'em-app-Bridging-Header.h";
				SWIFT_VERSION = 5.0;
				TARGETED_DEVICE_FAMILY = "1,2";
			};
			name = Release;
		};
/* End XCBuildConfiguration section */

/* Begin XCConfigurationList section */
		3510C51B230F087F00C1064B /* Build configuration list for PBXProject "set-goals-n-get-'em-app" */ = {
			isa = XCConfigurationList;
			buildConfigurations = (
				3510C533230F088000C1064B /* Debug */,
				3510C534230F088000C1064B /* Release */,
			);
			defaultConfigurationIsVisible = 0;
			defaultConfigurationName = Release;
		};
		3510C535230F088000C1064B /* Build configuration list for PBXNativeTarget "set-goals-n-get-'em-app" */ = {
			isa = XCConfigurationList;
			buildConfigurations = (
				3510C536230F088000C1064B /* Debug */,
				3510C537230F088000C1064B /* Release */,
			);
			defaultConfigurationIsVisible = 0;
			defaultConfigurationName = Release;
		};
/* End XCConfigurationList section */

/* Begin XCVersionGroup section */
		3510C52A230F087F00C1064B /* set_goals_n_get__em_app.xcdatamodeld */ = {
			isa = XCVersionGroup;
			children = (
				3510C52B230F087F00C1064B /* set_goals_n_get__em_app.xcdatamodel */,
			);
			currentVersion = 3510C52B230F087F00C1064B /* set_goals_n_get__em_app.xcdatamodel */;
			path = set_goals_n_get__em_app.xcdatamodeld;
			sourceTree = "<group>";
			versionGroupType = wrapper.xcdatamodel;
		};
/* End XCVersionGroup section */
	};
	rootObject = 3510C518230F087F00C1064B /* Project object */;
}
